<?xml version="1.0" encoding="utf-8"?>
<Project ToolsVersion="4.0" xmlns="http://schemas.microsoft.com/developer/msbuild/2003">
  <ItemGroup>
    <Filter Include="ソース ファイル">
      <UniqueIdentifier>{4FC737F1-C7A5-4376-A066-2A32D752A2FF}</UniqueIdentifier>
      <Extensions>cpp;c;cc;cxx;def;odl;idl;hpj;bat;asm;asmx</Extensions>
    </Filter>
    <Filter Include="ソース ファイル\SYSTEM">
      <UniqueIdentifier>{188586ad-3818-4e68-816a-e6427b522bc6}</UniqueIdentifier>
    </Filter>
    <Filter Include="ヘッダー ファイル">
      <UniqueIdentifier>{93995380-89BD-4b04-88EB-625FBE52EBFB}</UniqueIdentifier>
      <Extensions>h;hpp;hxx;hm;inl;inc;xsd</Extensions>
    </Filter>
    <Filter Include="リソース ファイル">
      <UniqueIdentifier>{67DA6AB6-F800-4c08-8B7A-83BB121AAD01}</UniqueIdentifier>
      <Extensions>rc;ico;cur;bmp;dlg;rc2;rct;bin;rgs;gif;jpg;jpeg;jpe;resx;tiff;tif;png;wav</Extensions>
    </Filter>
    <Filter Include="IEX">
      <UniqueIdentifier>{38fbec0a-1dc8-4967-afe0-3a6584026b2f}</UniqueIdentifier>
    </Filter>
    <Filter Include="ソース ファイル\Scene">
      <UniqueIdentifier>{affd7e51-185a-48c9-8b84-2f2227abad06}</UniqueIdentifier>
    </Filter>
    <Filter Include="ソース ファイル\Scene\sceneMain">
      <UniqueIdentifier>{a6a15a66-b0c6-467f-9e78-3cfc4b91b5a3}</UniqueIdentifier>
    </Filter>
    <Filter Include="ソース ファイル\BaseChara">
      <UniqueIdentifier>{7c019095-29dd-45e5-a398-76a553d66835}</UniqueIdentifier>
    </Filter>
    <Filter Include="ソース ファイル\GlobalFunction">
      <UniqueIdentifier>{8cffdb75-c62c-4bba-ada8-9295cb2c0516}</UniqueIdentifier>
    </Filter>
    <Filter Include="ソース ファイル\Player">
      <UniqueIdentifier>{58883473-3f1a-4395-9ab0-3b1ea9d13e4c}</UniqueIdentifier>
    </Filter>
    <Filter Include="ソース ファイル\Manager">
      <UniqueIdentifier>{03221c5b-e905-4498-84b8-480851c5bfc5}</UniqueIdentifier>
    </Filter>
    <Filter Include="ソース ファイル\GlobalFunction\Interplation">
      <UniqueIdentifier>{3dd55e06-08f3-42a7-8ffc-6ba308be2f30}</UniqueIdentifier>
    </Filter>
    <Filter Include="ソース ファイル\GlobalFunction\DrawShape">
      <UniqueIdentifier>{9302b336-38de-461e-bbe1-b42ff5c6d7b2}</UniqueIdentifier>
    </Filter>
    <Filter Include="ソース ファイル\Manager\PlayerManager">
      <UniqueIdentifier>{77506897-7908-408f-91bb-b023226ee860}</UniqueIdentifier>
    </Filter>
    <Filter Include="ソース ファイル\Manager\ItemManager">
      <UniqueIdentifier>{a34e4882-0676-4b3a-b754-7d30afaa479d}</UniqueIdentifier>
    </Filter>
    <Filter Include="ソース ファイル\Manager\EnemyManager">
      <UniqueIdentifier>{1faaeb81-3b5f-4590-92f2-3accc9590922}</UniqueIdentifier>
    </Filter>
    <Filter Include="ソース ファイル\Manager\UIManager">
      <UniqueIdentifier>{b6ca3635-f395-463b-81bc-f95e840d7ace}</UniqueIdentifier>
    </Filter>
    <Filter Include="ソース ファイル\Manager\EffectManager">
      <UniqueIdentifier>{7c5b1f10-48ed-4acc-9ed8-5d3441625212}</UniqueIdentifier>
    </Filter>
    <Filter Include="ソース ファイル\Manager\StageManager">
      <UniqueIdentifier>{c49b9daf-ee64-428e-a018-fb8cd8fa7963}</UniqueIdentifier>
    </Filter>
    <Filter Include="ソース ファイル\Camera">
      <UniqueIdentifier>{4a747b28-29bc-4552-aaab-eec04ba1e80a}</UniqueIdentifier>
    </Filter>
    <Filter Include="ソース ファイル\UDPServer">
      <UniqueIdentifier>{2597754f-8e58-4a2b-a89e-7a698ef9adbc}</UniqueIdentifier>
    </Filter>
    <Filter Include="ソース ファイル\SocketClient">
      <UniqueIdentifier>{2345738f-1a06-411e-aa85-23aef794d4bd}</UniqueIdentifier>
    </Filter>
    <Filter Include="ソース ファイル\Manager\GameManager">
      <UniqueIdentifier>{b27c2447-7e4d-4dac-83f6-2f3ca77616cb}</UniqueIdentifier>
    </Filter>
    <Filter Include="ソース ファイル\Manager\Singleton">
      <UniqueIdentifier>{a4926207-131a-46e3-9201-f1829cefb9ab}</UniqueIdentifier>
    </Filter>
    <Filter Include="ソース ファイル\GameParam">
      <UniqueIdentifier>{6fa65174-a628-4b5c-b237-a50570419a3c}</UniqueIdentifier>
    </Filter>
    <Filter Include="ソース ファイル\GlobalFunction\GameData">
      <UniqueIdentifier>{0e784b56-40b3-4f9f-a343-de896644d38a}</UniqueIdentifier>
    </Filter>
    <Filter Include="ソース ファイル\Enemy">
      <UniqueIdentifier>{5a1c5791-146c-47a2-adcc-4f3f9b6a964f}</UniqueIdentifier>
    </Filter>
    <Filter Include="ソース ファイル\Enemy\SmallEnemy">
      <UniqueIdentifier>{2a8d11d2-8d68-4a08-92ee-e0a3cf914554}</UniqueIdentifier>
    </Filter>
    <Filter Include="ソース ファイル\Enemy\BigEnemy">
      <UniqueIdentifier>{4d4541a1-7b96-4a6f-8e5b-a568267a9f9b}</UniqueIdentifier>
    </Filter>
    <Filter Include="ソース ファイル\UI">
      <UniqueIdentifier>{6c6bf64d-0811-466e-a082-6f2504bf816d}</UniqueIdentifier>
    </Filter>
    <Filter Include="ソース ファイル\UI\TimerUI">
      <UniqueIdentifier>{45679040-927a-4145-ae10-f1de2decad47}</UniqueIdentifier>
    </Filter>
    <Filter Include="シェーダー">
      <UniqueIdentifier>{5fc7559b-c141-4ecd-b664-927ab910afda}</UniqueIdentifier>
    </Filter>
  </ItemGroup>
  <ItemGroup>
    <ClCompile Include="source\system\Framework.cpp">
      <Filter>ソース ファイル\SYSTEM</Filter>
    </ClCompile>
    <ClCompile Include="source\system\System.cpp">
      <Filter>ソース ファイル\SYSTEM</Filter>
    </ClCompile>
    <ClCompile Include="source\system\WinMain.cpp">
      <Filter>ソース ファイル\SYSTEM</Filter>
    </ClCompile>
    <ClCompile Include="IEX\IEX_2DObject.cpp">
      <Filter>IEX</Filter>
    </ClCompile>
    <ClCompile Include="IEX\IEX_3DObject.cpp">
      <Filter>IEX</Filter>
    </ClCompile>
    <ClCompile Include="IEX\IEX_Audio.cpp">
      <Filter>IEX</Filter>
    </ClCompile>
    <ClCompile Include="IEX\IEX_Direct3D.cpp">
      <Filter>IEX</Filter>
    </ClCompile>
    <ClCompile Include="IEX\IEX_Input.cpp">
      <Filter>IEX</Filter>
    </ClCompile>
    <ClCompile Include="IEX\IEX_Light.cpp">
      <Filter>IEX</Filter>
    </ClCompile>
    <ClCompile Include="IEX\IEX_Math.cpp">
      <Filter>IEX</Filter>
    </ClCompile>
    <ClCompile Include="IEX\IEX_Mesh.cpp">
      <Filter>IEX</Filter>
    </ClCompile>
    <ClCompile Include="IEX\IEX_Particle.cpp">
      <Filter>IEX</Filter>
    </ClCompile>
    <ClCompile Include="IEX\IEX_Polygon.cpp">
      <Filter>IEX</Filter>
    </ClCompile>
    <ClCompile Include="IEX\IEX_RenderState.cpp">
      <Filter>IEX</Filter>
    </ClCompile>
    <ClCompile Include="IEX\IEX_Shader.cpp">
      <Filter>IEX</Filter>
    </ClCompile>
    <ClCompile Include="IEX\IEX_SkinMesh.cpp">
      <Filter>IEX</Filter>
    </ClCompile>
    <ClCompile Include="IEX\IEX_System.cpp">
      <Filter>IEX</Filter>
    </ClCompile>
    <ClCompile Include="IEX\IEX_Texture.cpp">
      <Filter>IEX</Filter>
    </ClCompile>
    <ClCompile Include="IEX\IEX_View.cpp">
      <Filter>IEX</Filter>
    </ClCompile>
    <ClCompile Include="source\sceneMain.cpp">
      <Filter>ソース ファイル\Scene\sceneMain</Filter>
    </ClCompile>
    <ClCompile Include="source\BaseChara.cpp">
      <Filter>ソース ファイル\BaseChara</Filter>
    </ClCompile>
    <ClCompile Include="source\GlobalFunction.cpp">
      <Filter>ソース ファイル\GlobalFunction</Filter>
    </ClCompile>
    <ClCompile Include="source\DrawShape.cpp">
      <Filter>ソース ファイル\GlobalFunction\DrawShape</Filter>
    </ClCompile>
    <ClCompile Include="source\Camera.cpp">
      <Filter>ソース ファイル\Camera</Filter>
    </ClCompile>
    <ClCompile Include="source\UDPServer.cpp">
      <Filter>ソース ファイル\UDPServer</Filter>
    </ClCompile>
    <ClCompile Include="source\SocketClient.cpp">
      <Filter>ソース ファイル\SocketClient</Filter>
    </ClCompile>
    <ClCompile Include="source\GameManager.cpp">
      <Filter>ソース ファイル\Manager\GameManager</Filter>
    </ClCompile>
    <ClCompile Include="source\Singleton.cpp">
      <Filter>ソース ファイル\Manager\Singleton</Filter>
    </ClCompile>
    <ClCompile Include="source\Player.cpp">
      <Filter>ソース ファイル\Player</Filter>
    </ClCompile>
    <ClCompile Include="source\PlayerManager.cpp">
      <Filter>ソース ファイル\Manager\PlayerManager</Filter>
    </ClCompile>
    <ClCompile Include="source\GameParam.cpp">
      <Filter>ソース ファイル\GameParam</Filter>
    </ClCompile>
    <ClCompile Include="source\Enemy.cpp">
      <Filter>ソース ファイル\Enemy</Filter>
    </ClCompile>
    <ClCompile Include="source\UIManager.cpp">
      <Filter>ソース ファイル\Manager\UIManager</Filter>
    </ClCompile>
    <ClCompile Include="source\TImerUI.cpp">
      <Filter>ソース ファイル\UI\TimerUI</Filter>
    </ClCompile>
  </ItemGroup>
  <ItemGroup>
    <ClInclude Include="source\system\Framework.h">
      <Filter>ヘッダー ファイル</Filter>
    </ClInclude>
    <ClInclude Include="source\system\Scene.h">
      <Filter>ヘッダー ファイル</Filter>
    </ClInclude>
    <ClInclude Include="source\system\System.h">
      <Filter>ヘッダー ファイル</Filter>
    </ClInclude>
    <ClInclude Include="IEX\iextreme.h">
      <Filter>IEX</Filter>
    </ClInclude>
    <ClInclude Include="source\sceneMain.h">
      <Filter>ソース ファイル\Scene\sceneMain</Filter>
    </ClInclude>
    <ClInclude Include="source\BaseChara.h">
      <Filter>ソース ファイル\BaseChara</Filter>
    </ClInclude>
    <ClInclude Include="source\GlobalFunction.h">
      <Filter>ソース ファイル\GlobalFunction</Filter>
    </ClInclude>
    <ClInclude Include="source\Interpolation.h">
      <Filter>ソース ファイル\GlobalFunction\Interplation</Filter>
    </ClInclude>
    <ClInclude Include="source\DrawShape.h">
      <Filter>ソース ファイル\GlobalFunction\DrawShape</Filter>
    </ClInclude>
    <ClInclude Include="source\Camera.h">
      <Filter>ソース ファイル\Camera</Filter>
    </ClInclude>
    <ClInclude Include="source\UDPServer.h">
      <Filter>ソース ファイル\UDPServer</Filter>
    </ClInclude>
    <ClInclude Include="source\SocketClient.h">
      <Filter>ソース ファイル\SocketClient</Filter>
    </ClInclude>
    <ClInclude Include="source\GameManager.h">
      <Filter>ソース ファイル\Manager\GameManager</Filter>
    </ClInclude>
    <ClInclude Include="source\Singleton.h">
      <Filter>ソース ファイル\Manager\Singleton</Filter>
    </ClInclude>
    <ClInclude Include="source\Player.h">
      <Filter>ソース ファイル\Player</Filter>
    </ClInclude>
    <ClInclude Include="source\PlayerManager.h">
      <Filter>ソース ファイル\Manager\PlayerManager</Filter>
    </ClInclude>
    <ClInclude Include="source\GameParam.h">
      <Filter>ソース ファイル\GameParam</Filter>
    </ClInclude>
    <ClInclude Include="source\GameData.h">
      <Filter>ソース ファイル\GlobalFunction\GameData</Filter>
    </ClInclude>
    <ClInclude Include="source\Enemy.h">
      <Filter>ソース ファイル\Enemy</Filter>
    </ClInclude>
    <ClInclude Include="source\UIManager.h">
      <Filter>ソース ファイル\Manager\UIManager</Filter>
    </ClInclude>
    <ClInclude Include="source\TimerUI.h">
      <Filter>ソース ファイル\UI\TimerUI</Filter>
    </ClInclude>
  </ItemGroup>
  <ItemGroup>
    <None Include="DATA\Shader\2D.fx">
      <Filter>シェーダー</Filter>
    </None>
  </ItemGroup>
  <ItemGroup>
    <CustomBuild Include="DATA\Shader\3DEx.fx">
      <Filter>シェーダー</Filter>
    </CustomBuild>
  </ItemGroup>
</Project>