<?xml version="1.0" encoding="utf-8"?>
<Project ToolsVersion="4.0" xmlns="http://schemas.microsoft.com/developer/msbuild/2003">
  <ItemGroup>
    <Filter Include="ヘッダー ファイル">
      <UniqueIdentifier>{93995380-89BD-4b04-88EB-625FBE52EBFB}</UniqueIdentifier>
      <Extensions>h;hpp;hxx;hm;inl;inc;xsd</Extensions>
    </Filter>
    <Filter Include="リソース ファイル">
      <UniqueIdentifier>{67DA6AB6-F800-4c08-8B7A-83BB121AAD01}</UniqueIdentifier>
      <Extensions>rc;ico;cur;bmp;dlg;rc2;rct;bin;rgs;gif;jpg;jpeg;jpe;resx;tiff;tif;png;wav</Extensions>
    </Filter>
    <Filter Include="IEX">
      <UniqueIdentifier>{85bec798-c791-4511-adb9-4c6a7af202ba}</UniqueIdentifier>
    </Filter>
    <Filter Include="ソース ファイル">
      <UniqueIdentifier>{4FC737F1-C7A5-4376-A066-2A32D752A2FF}</UniqueIdentifier>
      <Extensions>cpp;c;cc;cxx;def;odl;idl;hpj;bat;asm;asmx</Extensions>
    </Filter>
    <Filter Include="ソース ファイル\Player">
      <UniqueIdentifier>{46752ebd-a905-4cc5-af38-5d2f011432e9}</UniqueIdentifier>
    </Filter>
    <Filter Include="ソース ファイル\Scene">
      <UniqueIdentifier>{a2791f55-19c5-4eec-a17d-813d4f2277cc}</UniqueIdentifier>
    </Filter>
    <Filter Include="ソース ファイル\Scene\sceneMain">
      <UniqueIdentifier>{c7f75995-58d8-4d80-9416-b779d6222d7a}</UniqueIdentifier>
    </Filter>
    <Filter Include="ソース ファイル\UDPServer">
      <UniqueIdentifier>{14488d16-5070-4bcd-8330-b539e199b489}</UniqueIdentifier>
    </Filter>
    <Filter Include="ソース ファイル\BaseChara">
      <UniqueIdentifier>{0354be5f-46f2-4182-846a-9a49f3f6f954}</UniqueIdentifier>
    </Filter>
    <Filter Include="ソース ファイル\Timer">
      <UniqueIdentifier>{f0af59b6-6349-4757-a705-e0f87f635d4b}</UniqueIdentifier>
    </Filter>
    <Filter Include="ソース ファイル\CharaInfo">
      <UniqueIdentifier>{6709b4a8-10a6-4f5f-8385-5e2e32e860a4}</UniqueIdentifier>
    </Filter>
    <Filter Include="ソース ファイル\Collision">
      <UniqueIdentifier>{47bff9ba-ed3b-4d65-b0fb-c4b93950cc73}</UniqueIdentifier>
    </Filter>
    <Filter Include="ソース ファイル\ShapeInfo">
      <UniqueIdentifier>{c356096f-8b22-45b6-a036-bab7ab67a7bc}</UniqueIdentifier>
    </Filter>
    <Filter Include="ソース ファイル\Magic">
      <UniqueIdentifier>{bc321496-9273-4457-a3a5-2ca35d0a55e7}</UniqueIdentifier>
    </Filter>
    <Filter Include="ソース ファイル\SYSTEM">
      <UniqueIdentifier>{e203447f-a8ae-4700-b3b7-3dd3fa368895}</UniqueIdentifier>
    </Filter>
    <Filter Include="ソース ファイル\SYSTEM\Scene">
      <UniqueIdentifier>{00ea94ae-0cf6-490b-8549-5a4835ae8920}</UniqueIdentifier>
    </Filter>
    <Filter Include="ソース ファイル\SYSTEM\FrameWork">
      <UniqueIdentifier>{a5ec5e97-042d-47d9-92bb-12d76d43375e}</UniqueIdentifier>
    </Filter>
    <Filter Include="ソース ファイル\Scene\main">
      <UniqueIdentifier>{2ececea5-b935-43b7-a989-94a408ccb2c5}</UniqueIdentifier>
    </Filter>
    <Filter Include="ソース ファイル\Scene\sceneMatching">
      <UniqueIdentifier>{a9530f24-d50e-496d-816d-d3c5c5e5d6fe}</UniqueIdentifier>
    </Filter>
    <Filter Include="ソース ファイル\Item">
      <UniqueIdentifier>{df4da85a-7825-4c71-a6c4-291ccabf7340}</UniqueIdentifier>
    </Filter>
    <Filter Include="ソース ファイル\CSVReader">
      <UniqueIdentifier>{ec211e16-bdab-4cba-a512-a95d824729a2}</UniqueIdentifier>
    </Filter>
    <Filter Include="ソース ファイル\Enemy">
      <UniqueIdentifier>{f78915f2-4f91-48f0-9a16-bd3cff4a86c3}</UniqueIdentifier>
    </Filter>
    <Filter Include="ソース ファイル\Manager">
      <UniqueIdentifier>{b9e49e64-c0fe-4bf2-9352-65e62c4ba62c}</UniqueIdentifier>
    </Filter>
    <Filter Include="ソース ファイル\Manager\EnemyManager">
      <UniqueIdentifier>{108be3e4-fdca-4318-91e6-3115e8c992d9}</UniqueIdentifier>
    </Filter>
    <Filter Include="ソース ファイル\Manager\GameManager">
      <UniqueIdentifier>{88df4ce4-73dc-4b03-a59c-1751ccaeb688}</UniqueIdentifier>
    </Filter>
    <Filter Include="ソース ファイル\Manager\InputManager">
      <UniqueIdentifier>{df213ed7-aa1f-4ce3-a0ee-a6c23ffc59a9}</UniqueIdentifier>
    </Filter>
    <Filter Include="ソース ファイル\Manager\LevelManager">
      <UniqueIdentifier>{afc70951-4417-4516-9515-59778bf5d2c5}</UniqueIdentifier>
    </Filter>
    <Filter Include="ソース ファイル\Manager\PointManager">
      <UniqueIdentifier>{92490d40-a892-4e2d-b60a-0ac39e189a3b}</UniqueIdentifier>
    </Filter>
    <Filter Include="ソース ファイル\Manager\SceneManager">
      <UniqueIdentifier>{9b87f1e9-69c2-40a4-a5c2-781a0cee554d}</UniqueIdentifier>
    </Filter>
    <Filter Include="ソース ファイル\Manager\ItemManager">
      <UniqueIdentifier>{769f227c-73ce-4b7d-afb6-550ec9081160}</UniqueIdentifier>
    </Filter>
    <Filter Include="ソース ファイル\GameData">
      <UniqueIdentifier>{7fbb0178-ee12-4124-a353-7569e4ab1745}</UniqueIdentifier>
    </Filter>
    <Filter Include="ソース ファイル\GameData\SendData">
      <UniqueIdentifier>{202f5623-39fa-4062-8587-bb97e16241bc}</UniqueIdentifier>
    </Filter>
    <Filter Include="ソース ファイル\GameData\GameData">
      <UniqueIdentifier>{b36ce8c5-9c2d-49f4-a724-b598cd156c0a}</UniqueIdentifier>
    </Filter>
    <Filter Include="ソース ファイル\GameData\ReceiveData">
      <UniqueIdentifier>{861daa82-ab78-490e-8af2-da9f089fb228}</UniqueIdentifier>
    </Filter>
    <Filter Include="ソース ファイル\Manager\MagicManager">
      <UniqueIdentifier>{77deb41f-3577-401a-95ac-33bea287550a}</UniqueIdentifier>
    </Filter>
    <Filter Include="ソース ファイル\Item\AttackItem">
      <UniqueIdentifier>{80c4f874-1d94-455f-8020-ca0a5b977378}</UniqueIdentifier>
    </Filter>
    <Filter Include="ソース ファイル\Item\DefenseItem">
      <UniqueIdentifier>{ac68c462-5e03-4a48-a464-e6c36821e21f}</UniqueIdentifier>
    </Filter>
    <Filter Include="ソース ファイル\Item\HealItem">
      <UniqueIdentifier>{7571904f-8e83-4436-afe8-f71e9205f6b6}</UniqueIdentifier>
    </Filter>
    <Filter Include="ソース ファイル\Item\LedItem">
      <UniqueIdentifier>{b10e9747-5b7d-44fa-9bfb-f991f68299fe}</UniqueIdentifier>
    </Filter>
    <Filter Include="ソース ファイル\GameParam">
      <UniqueIdentifier>{19cbf92a-7306-4720-ab04-c4468f11332c}</UniqueIdentifier>
    </Filter>
    <Filter Include="ソース ファイル\Item\Item">
      <UniqueIdentifier>{170f4522-ae48-48a3-a58e-9e84a4b74f23}</UniqueIdentifier>
    </Filter>
    <Filter Include="ソース ファイル\RayMesh">
      <UniqueIdentifier>{7d0be03a-f83e-4ece-84ca-da0dc849dc86}</UniqueIdentifier>
    </Filter>
    <Filter Include="ソース ファイル\Manager\PlayerManager">
      <UniqueIdentifier>{10d05596-ba02-4498-b6d9-30c2d955043a}</UniqueIdentifier>
    </Filter>
    <Filter Include="ソース ファイル\PlayerName">
      <UniqueIdentifier>{aee619cf-f15c-4b6e-8950-182ffcabb07f}</UniqueIdentifier>
    </Filter>
    <Filter Include="ソース ファイル\Enemy\BigEnemy">
      <UniqueIdentifier>{03d15c30-1596-4c12-9a75-7664a9156db8}</UniqueIdentifier>
    </Filter>
    <Filter Include="ソース ファイル\Random">
      <UniqueIdentifier>{ebb16752-6890-4c14-a568-0507ac1c54d6}</UniqueIdentifier>
    </Filter>
  </ItemGroup>
  <ItemGroup>
    <ClCompile Include="Source\GameParam.cpp">
      <Filter>ソース ファイル\GameParam</Filter>
    </ClCompile>
    <ClCompile Include="Source\sceneMain.cpp">
      <Filter>ソース ファイル\Scene\sceneMain</Filter>
    </ClCompile>
    <ClCompile Include="Source\UDPServer.cpp">
      <Filter>ソース ファイル\UDPServer</Filter>
    </ClCompile>
    <ClCompile Include="Source\PlayerManager.cpp">
      <Filter>ソース ファイル\Manager\PlayerManager</Filter>
    </ClCompile>
    <ClCompile Include="Source\Player.cpp">
      <Filter>ソース ファイル\Player</Filter>
    </ClCompile>
    <ClCompile Include="Source\BaseChara.cpp">
      <Filter>ソース ファイル\BaseChara</Filter>
    </ClCompile>
    <ClCompile Include="Source\EnemyManager.cpp">
      <Filter>ソース ファイル\Manager\EnemyManager</Filter>
    </ClCompile>
    <ClCompile Include="Source\Enemy.cpp">
      <Filter>ソース ファイル\Enemy</Filter>
    </ClCompile>
    <ClCompile Include="Source\GameManager.cpp">
      <Filter>ソース ファイル\Manager\GameManager</Filter>
    </ClCompile>
    <ClCompile Include="Source\Timer.cpp">
      <Filter>ソース ファイル\Timer</Filter>
    </ClCompile>
    <ClCompile Include="Source\InputManager.cpp">
      <Filter>ソース ファイル\Manager\InputManager</Filter>
    </ClCompile>
    <ClCompile Include="Source\GameData.cpp">
      <Filter>ソース ファイル\GameData\GameData</Filter>
    </ClCompile>
    <ClCompile Include="Source\CharaInfo.cpp">
      <Filter>ソース ファイル\CharaInfo</Filter>
    </ClCompile>
    <ClCompile Include="Source\ShapeInfo.cpp">
      <Filter>ソース ファイル\ShapeInfo</Filter>
    </ClCompile>
    <ClCompile Include="Source\Collision.cpp">
      <Filter>ソース ファイル\Collision</Filter>
    </ClCompile>
    <ClCompile Include="Source\Magic.cpp">
      <Filter>ソース ファイル\Magic</Filter>
    </ClCompile>
    <ClCompile Include="Source\MagicManager.cpp">
      <Filter>ソース ファイル\Manager\MagicManager</Filter>
    </ClCompile>
    <ClCompile Include="Source\LevelManager.cpp">
      <Filter>ソース ファイル\Manager\LevelManager</Filter>
    </ClCompile>
    <ClCompile Include="Source\PointManager.cpp">
      <Filter>ソース ファイル\Manager\PointManager</Filter>
    </ClCompile>
    <ClCompile Include="Source\SceneManager.cpp">
      <Filter>ソース ファイル\Manager\SceneManager</Filter>
    </ClCompile>
    <ClCompile Include="Source\FrameWork.cpp">
      <Filter>ソース ファイル\SYSTEM\FrameWork</Filter>
    </ClCompile>
    <ClCompile Include="Source\sceneMatching.cpp">
      <Filter>ソース ファイル\Scene\sceneMatching</Filter>
    </ClCompile>
    <ClCompile Include="Source\main.cpp">
      <Filter>ソース ファイル\Scene\main</Filter>
    </ClCompile>
    <ClCompile Include="Source\ItemManager.cpp">
      <Filter>ソース ファイル\Manager\ItemManager</Filter>
    </ClCompile>
    <ClCompile Include="Source\CSVReader.cpp">
      <Filter>ソース ファイル\CSVReader</Filter>
    </ClCompile>
    <ClCompile Include="Source\Item.cpp">
      <Filter>ソース ファイル\Item\Item</Filter>
    </ClCompile>
    <ClCompile Include="Source\AttackItem.cpp">
      <Filter>ソース ファイル\Item\AttackItem</Filter>
    </ClCompile>
    <ClCompile Include="Source\DefenseItem.cpp">
      <Filter>ソース ファイル\Item\DefenseItem</Filter>
    </ClCompile>
    <ClCompile Include="Source\HealItem.cpp">
      <Filter>ソース ファイル\Item\HealItem</Filter>
    </ClCompile>
    <ClCompile Include="Source\LedItem.cpp">
      <Filter>ソース ファイル\Item\LedItem</Filter>
    </ClCompile>
    <ClCompile Include="Source\IEX_RayMesh.cpp">
      <Filter>ソース ファイル\RayMesh</Filter>
    </ClCompile>
    <ClCompile Include="Source\PlayerName.cpp">
      <Filter>ソース ファイル\PlayerName</Filter>
    </ClCompile>
    <ClCompile Include="Source\Random.cpp">
      <Filter>ソース ファイル\Random</Filter>
    </ClCompile>
  </ItemGroup>
  <ItemGroup>
    <ClInclude Include="Source\GameParam.h">
      <Filter>ソース ファイル\GameParam</Filter>
    </ClInclude>
    <ClInclude Include="Source\sceneMain.h">
      <Filter>ソース ファイル\Scene\sceneMain</Filter>
    </ClInclude>
    <ClInclude Include="Source\UDPServer.h">
      <Filter>ソース ファイル\UDPServer</Filter>
    </ClInclude>
    <ClInclude Include="Source\PlayerManager.h">
      <Filter>ソース ファイル\Manager\PlayerManager</Filter>
    </ClInclude>
    <ClInclude Include="Source\Player.h">
      <Filter>ソース ファイル\Player</Filter>
    </ClInclude>
    <ClInclude Include="Source\BaseChara.h">
      <Filter>ソース ファイル\BaseChara</Filter>
    </ClInclude>
    <ClInclude Include="Source\EnemyManager.h">
      <Filter>ソース ファイル\Manager\EnemyManager</Filter>
    </ClInclude>
    <ClInclude Include="Source\Enemy.h">
      <Filter>ソース ファイル\Enemy</Filter>
    </ClInclude>
    <ClInclude Include="Source\GameManager.h">
      <Filter>ソース ファイル\Manager\GameManager</Filter>
    </ClInclude>
    <ClInclude Include="Source\Timer.h">
      <Filter>ソース ファイル\Timer</Filter>
    </ClInclude>
    <ClInclude Include="Source\InputManager.h">
      <Filter>ソース ファイル\Manager\InputManager</Filter>
    </ClInclude>
    <ClInclude Include="Source\GameData.h">
      <Filter>ソース ファイル\GameData\GameData</Filter>
    </ClInclude>
    <ClInclude Include="Source\SendData.h">
      <Filter>ソース ファイル\GameData\SendData</Filter>
    </ClInclude>
    <ClInclude Include="Source\ReceiveData.h">
      <Filter>ソース ファイル\GameData\ReceiveData</Filter>
    </ClInclude>
    <ClInclude Include="Source\CharaInfo.h">
      <Filter>ソース ファイル\CharaInfo</Filter>
    </ClInclude>
    <ClInclude Include="Source\ShapeInfo.h">
      <Filter>ソース ファイル\ShapeInfo</Filter>
    </ClInclude>
    <ClInclude Include="Source\Collision.h">
      <Filter>ソース ファイル\Collision</Filter>
    </ClInclude>
    <ClInclude Include="Source\Magic.h">
      <Filter>ソース ファイル\Magic</Filter>
    </ClInclude>
    <ClInclude Include="Source\MagicManager.h">
      <Filter>ソース ファイル\Manager\MagicManager</Filter>
    </ClInclude>
    <ClInclude Include="Source\LevelManager.h">
      <Filter>ソース ファイル\Manager\LevelManager</Filter>
    </ClInclude>
    <ClInclude Include="Source\PointManager.h">
      <Filter>ソース ファイル\Manager\PointManager</Filter>
    </ClInclude>
    <ClInclude Include="Source\SceneManager.h">
      <Filter>ソース ファイル\Manager\SceneManager</Filter>
    </ClInclude>
    <ClInclude Include="Source\FrameWork.h">
      <Filter>ソース ファイル\SYSTEM\FrameWork</Filter>
    </ClInclude>
    <ClInclude Include="Source\sceneMatching.h">
      <Filter>ソース ファイル\Scene\sceneMatching</Filter>
    </ClInclude>
    <ClInclude Include="Source\main.h">
      <Filter>ソース ファイル\Scene\main</Filter>
    </ClInclude>
    <ClInclude Include="Source\ItemManager.h">
      <Filter>ソース ファイル\Manager\ItemManager</Filter>
    </ClInclude>
    <ClInclude Include="Source\CSVReader.h">
      <Filter>ソース ファイル\CSVReader</Filter>
    </ClInclude>
    <ClInclude Include="Source\Item.h">
      <Filter>ソース ファイル\Item\Item</Filter>
    </ClInclude>
    <ClInclude Include="Source\AttackItem.h">
      <Filter>ソース ファイル\Item\AttackItem</Filter>
    </ClInclude>
    <ClInclude Include="Source\DefenseItem.h">
      <Filter>ソース ファイル\Item\DefenseItem</Filter>
    </ClInclude>
    <ClInclude Include="Source\HealItem.h">
      <Filter>ソース ファイル\Item\HealItem</Filter>
    </ClInclude>
    <ClInclude Include="Source\LedItem.h">
      <Filter>ソース ファイル\Item\LedItem</Filter>
    </ClInclude>
    <ClInclude Include="IEX\iextreme.h">
      <Filter>IEX</Filter>
    </ClInclude>
    <ClInclude Include="Source\IEX_RayMesh.h">
      <Filter>ソース ファイル\RayMesh</Filter>
    </ClInclude>
    <ClInclude Include="Source\PlayerName.h">
      <Filter>ソース ファイル\PlayerName</Filter>
    </ClInclude>
    <ClInclude Include="Source\Random.h">
      <Filter>ソース ファイル\Random</Filter>
    </ClInclude>
  </ItemGroup>
</Project>