<?xml version="1.0" encoding="utf-8"?>
<Project ToolsVersion="4.0" xmlns="http://schemas.microsoft.com/developer/msbuild/2003">
  <ItemGroup>
    <ClCompile Include="IEX\IEX_2DObject.cpp">
      <Filter>IEX</Filter>
    </ClCompile>
    <ClCompile Include="IEX\IEX_3DObject.cpp">
      <Filter>IEX</Filter>
    </ClCompile>
    <ClCompile Include="IEX\IEX_Audio.cpp">
      <Filter>IEX</Filter>
    </ClCompile>
    <ClCompile Include="IEX\IEX_Direct3D.cpp">
      <Filter>IEX</Filter>
    </ClCompile>
    <ClCompile Include="IEX\IEX_Input.cpp">
      <Filter>IEX</Filter>
    </ClCompile>
    <ClCompile Include="IEX\IEX_Light.cpp">
      <Filter>IEX</Filter>
    </ClCompile>
    <ClCompile Include="IEX\IEX_Math.cpp">
      <Filter>IEX</Filter>
    </ClCompile>
    <ClCompile Include="IEX\IEX_Mesh.cpp">
      <Filter>IEX</Filter>
    </ClCompile>
    <ClCompile Include="IEX\IEX_Particle.cpp">
      <Filter>IEX</Filter>
    </ClCompile>
    <ClCompile Include="IEX\IEX_Polygon.cpp">
      <Filter>IEX</Filter>
    </ClCompile>
    <ClCompile Include="IEX\IEX_RenderState.cpp">
      <Filter>IEX</Filter>
    </ClCompile>
    <ClCompile Include="IEX\IEX_Shader.cpp">
      <Filter>IEX</Filter>
    </ClCompile>
    <ClCompile Include="IEX\IEX_SkinMesh.cpp">
      <Filter>IEX</Filter>
    </ClCompile>
    <ClCompile Include="IEX\IEX_System.cpp">
      <Filter>IEX</Filter>
    </ClCompile>
    <ClCompile Include="IEX\IEX_Texture.cpp">
      <Filter>IEX</Filter>
    </ClCompile>
    <ClCompile Include="IEX\IEX_View.cpp">
      <Filter>IEX</Filter>
    </ClCompile>
    <ClCompile Include="source\system\WinMain.cpp">
      <Filter>Source\SYSTEM</Filter>
    </ClCompile>
    <ClCompile Include="source\BaseChara.cpp">
      <Filter>Source\BaseChara</Filter>
    </ClCompile>
    <ClCompile Include="source\BigEnemy.cpp">
      <Filter>Source\Enemy\BigEnemy</Filter>
    </ClCompile>
    <ClCompile Include="source\SmallEnemy.cpp">
      <Filter>Source\Enemy\SmallEnemy</Filter>
    </ClCompile>
    <ClCompile Include="source\sceneTitle.cpp">
      <Filter>Source\Scene\SceneTitle</Filter>
    </ClCompile>
    <ClCompile Include="source\sceneMain.cpp">
      <Filter>Source\Scene\SceneMain</Filter>
    </ClCompile>
    <ClCompile Include="source\PlayerManager.cpp">
      <Filter>Source\Manager\PlayerManager</Filter>
    </ClCompile>
    <ClCompile Include="source\EnemyManager.cpp">
      <Filter>Source\Manager\EnemyManager</Filter>
    </ClCompile>
    <ClCompile Include="source\Player.cpp">
      <Filter>Source\Player</Filter>
    </ClCompile>
    <ClCompile Include="source\Status.cpp">
      <Filter>Source\Status</Filter>
    </ClCompile>
    <ClCompile Include="source\system\Framework.cpp">
      <Filter>Source\SYSTEM\Framework</Filter>
    </ClCompile>
    <ClCompile Include="source\system\System.cpp">
      <Filter>Source\SYSTEM\System</Filter>
    </ClCompile>
    <ClCompile Include="source\BaseEquipment.cpp">
      <Filter>Source\Equipment\BaseEquipment</Filter>
    </ClCompile>
    <ClCompile Include="source\Camera.cpp">
      <Filter>Source\Camera</Filter>
    </ClCompile>
    <ClCompile Include="source\Collision.cpp">
      <Filter>Source\Collision</Filter>
    </ClCompile>
    <ClCompile Include="source\CSVReader.cpp">
      <Filter>Source\CSVReader</Filter>
    </ClCompile>
    <ClCompile Include="source\DrawShape.cpp">
      <Filter>Source\DrawShape</Filter>
    </ClCompile>
    <ClCompile Include="source\Equipments.cpp">
      <Filter>Source\Equipment\Equipments</Filter>
    </ClCompile>
    <ClCompile Include="source\GameManager.cpp">
      <Filter>Source\Manager\GameManager</Filter>
    </ClCompile>
    <ClCompile Include="source\GameParam.cpp">
      <Filter>Source\GameParam</Filter>
    </ClCompile>
    <ClCompile Include="source\GlobalFunction.cpp">
      <Filter>Source\GlobalFunction</Filter>
    </ClCompile>
    <ClCompile Include="source\HpUI.cpp">
      <Filter>Source\UI\HpUI</Filter>
    </ClCompile>
    <ClCompile Include="source\TImerUI.cpp">
      <Filter>Source\UI\TimerUI</Filter>
    </ClCompile>
    <ClCompile Include="source\UIManager.cpp">
      <Filter>Source\Manager\UIManager</Filter>
    </ClCompile>
    <ClCompile Include="source\Random.cpp">
      <Filter>Source\Random</Filter>
    </ClCompile>
    <ClCompile Include="source\Singleton.cpp">
      <Filter>Source\Singleton</Filter>
    </ClCompile>
    <ClCompile Include="source\SocketClient.cpp">
      <Filter>Source\SocketClient</Filter>
    </ClCompile>
    <ClCompile Include="source\Enemy.cpp">
      <Filter>Source\Enemy\Enemy</Filter>
    </ClCompile>
    <ClCompile Include="source\ShapeInfo.cpp">
      <Filter>Source\ShapeInfo</Filter>
    </ClCompile>
    <ClCompile Include="source\CharaInfo.cpp">
      <Filter>Source\BaseChara\CharaInfo</Filter>
    </ClCompile>
    <ClCompile Include="source\Image.cpp">
      <Filter>Source\Image</Filter>
    </ClCompile>
    <ClCompile Include="source\ExpUI.cpp">
      <Filter>Source\UI\ExpUI</Filter>
    </ClCompile>
    <ClCompile Include="source\ItemUI.cpp">
      <Filter>Source\UI\ItemUI</Filter>
    </ClCompile>
    <ClCompile Include="source\MapUI.cpp">
      <Filter>Source\UI\MapUI</Filter>
    </ClCompile>
    <ClCompile Include="source\InputManager.cpp">
      <Filter>Source\Manager\InputManager</Filter>
    </ClCompile>
    <ClCompile Include="source\GameData.cpp">
      <Filter>Source\GameData\GameData</Filter>
    </ClCompile>
    <ClCompile Include="source\SharedData.cpp">
      <Filter>Source\GameData\SharedData</Filter>
    </ClCompile>
    <ClCompile Include="source\sceneMatching.cpp">
      <Filter>Source\Scene\sceneMatching</Filter>
    </ClCompile>
    <ClCompile Include="source\MagicManager.cpp">
      <Filter>Source\Manager\MagicManager</Filter>
    </ClCompile>
    <ClCompile Include="source\Magic.cpp">
      <Filter>Source\Magic</Filter>
    </ClCompile>
    <ClCompile Include="source\EnemyHp.cpp">
      <Filter>Source\UI\EnemyHpUI</Filter>
    </ClCompile>
    <ClCompile Include="source\LevelManager.cpp">
      <Filter>Source\Manager\LevelManager</Filter>
    </ClCompile>
    <ClCompile Include="source\NetState.cpp">
      <Filter>Source\NetState</Filter>
    </ClCompile>
  </ItemGroup>
  <ItemGroup>
    <ClInclude Include="IEX\iextreme.h">
      <Filter>IEX</Filter>
    </ClInclude>
    <ClInclude Include="source\BaseChara.h">
      <Filter>Source\BaseChara</Filter>
    </ClInclude>
    <ClInclude Include="source\BigEnemy.h">
      <Filter>Source\Enemy\BigEnemy</Filter>
    </ClInclude>
    <ClInclude Include="source\SmallEnemy.h">
      <Filter>Source\Enemy\SmallEnemy</Filter>
    </ClInclude>
    <ClInclude Include="source\sceneTitle.h">
      <Filter>Source\Scene\SceneTitle</Filter>
    </ClInclude>
    <ClInclude Include="source\PlayerManager.h">
      <Filter>Source\Manager\PlayerManager</Filter>
    </ClInclude>
    <ClInclude Include="source\EnemyManager.h">
      <Filter>Source\Manager\EnemyManager</Filter>
    </ClInclude>
    <ClInclude Include="source\Player.h">
      <Filter>Source\Player</Filter>
    </ClInclude>
    <ClInclude Include="source\Status.h">
      <Filter>Source\Status</Filter>
    </ClInclude>
    <ClInclude Include="source\system\Framework.h">
      <Filter>Source\SYSTEM\Framework</Filter>
    </ClInclude>
    <ClInclude Include="source\system\System.h">
      <Filter>Source\SYSTEM\System</Filter>
    </ClInclude>
    <ClInclude Include="source\system\Scene.h">
      <Filter>Source\SYSTEM\Scene</Filter>
    </ClInclude>
    <ClInclude Include="source\sceneMain.h">
      <Filter>Source\Scene\SceneMain</Filter>
    </ClInclude>
    <ClInclude Include="source\BaseEquipment.h">
      <Filter>Source\Equipment\BaseEquipment</Filter>
    </ClInclude>
    <ClInclude Include="source\Camera.h">
      <Filter>Source\Camera</Filter>
    </ClInclude>
    <ClInclude Include="source\Collision.h">
      <Filter>Source\Collision</Filter>
    </ClInclude>
    <ClInclude Include="source\CSVReader.h">
      <Filter>Source\CSVReader</Filter>
    </ClInclude>
    <ClInclude Include="source\DrawShape.h">
      <Filter>Source\DrawShape</Filter>
    </ClInclude>
    <ClInclude Include="source\Equipments.h">
      <Filter>Source\Equipment\Equipments</Filter>
    </ClInclude>
    <ClInclude Include="source\GameManager.h">
      <Filter>Source\Manager\GameManager</Filter>
    </ClInclude>
    <ClInclude Include="source\GameParam.h">
      <Filter>Source\GameParam</Filter>
    </ClInclude>
    <ClInclude Include="source\GlobalFunction.h">
      <Filter>Source\GlobalFunction</Filter>
    </ClInclude>
    <ClInclude Include="source\HpUI.h">
      <Filter>Source\UI\HpUI</Filter>
    </ClInclude>
    <ClInclude Include="source\TimerUI.h">
      <Filter>Source\UI\TimerUI</Filter>
    </ClInclude>
    <ClInclude Include="source\UIManager.h">
      <Filter>Source\Manager\UIManager</Filter>
    </ClInclude>
    <ClInclude Include="source\Interpolation.h">
      <Filter>Source\Interpolation</Filter>
    </ClInclude>
    <ClInclude Include="source\Random.h">
      <Filter>Source\Random</Filter>
    </ClInclude>
    <ClInclude Include="source\Singleton.h">
      <Filter>Source\Singleton</Filter>
    </ClInclude>
    <ClInclude Include="source\SocketClient.h">
      <Filter>Source\SocketClient</Filter>
    </ClInclude>
    <ClInclude Include="source\Enemy.h">
      <Filter>Source\Enemy\Enemy</Filter>
    </ClInclude>
    <ClInclude Include="source\ShapeInfo.h">
      <Filter>Source\ShapeInfo</Filter>
    </ClInclude>
    <ClInclude Include="source\CharaInfo.h">
      <Filter>Source\BaseChara\CharaInfo</Filter>
    </ClInclude>
    <ClInclude Include="source\Image.h">
      <Filter>Source\Image</Filter>
    </ClInclude>
    <ClInclude Include="source\ExpUI.h">
      <Filter>Source\UI\ExpUI</Filter>
    </ClInclude>
    <ClInclude Include="source\ItemUI.h">
      <Filter>Source\UI\ItemUI</Filter>
    </ClInclude>
    <ClInclude Include="source\MapUI.h">
      <Filter>Source\UI\MapUI</Filter>
    </ClInclude>
    <ClInclude Include="source\InputManager.h">
      <Filter>Source\Manager\InputManager</Filter>
    </ClInclude>
    <ClInclude Include="source\ReceiveData.h">
      <Filter>Source\GameData\ReceiveData</Filter>
    </ClInclude>
    <ClInclude Include="source\SendData.h">
      <Filter>Source\GameData\SendData</Filter>
    </ClInclude>
    <ClInclude Include="source\GameData.h">
      <Filter>Source\GameData\GameData</Filter>
    </ClInclude>
    <ClInclude Include="source\SharedData.h">
      <Filter>Source\GameData\SharedData</Filter>
    </ClInclude>
    <ClInclude Include="source\sceneMatching.h">
      <Filter>Source\Scene\sceneMatching</Filter>
    </ClInclude>
    <ClInclude Include="source\MagicManager.h">
      <Filter>Source\Manager\MagicManager</Filter>
    </ClInclude>
    <ClInclude Include="source\Magic.h">
      <Filter>Source\Magic</Filter>
    </ClInclude>
    <ClInclude Include="source\EnemyHp.h">
      <Filter>Source\UI\EnemyHpUI</Filter>
    </ClInclude>
    <ClInclude Include="source\LevelManager.h">
      <Filter>Source\Manager\LevelManager</Filter>
    </ClInclude>
    <ClInclude Include="source\NetState.h">
      <Filter>Source\NetState</Filter>
    </ClInclude>
  </ItemGroup>
  <ItemGroup>
    <Filter Include="IEX">
      <UniqueIdentifier>{9579baa5-a993-44e4-856c-5eb63d3fa398}</UniqueIdentifier>
    </Filter>
    <Filter Include="Source">
      <UniqueIdentifier>{855d9f67-386f-4c86-af29-d8c36d77efc1}</UniqueIdentifier>
    </Filter>
    <Filter Include="Source\Player">
      <UniqueIdentifier>{c30ec995-bb6c-47f8-8758-b7160024baf8}</UniqueIdentifier>
    </Filter>
    <Filter Include="Source\Manager">
      <UniqueIdentifier>{eea7aadd-3b94-4b04-8dd3-7b2f4e147908}</UniqueIdentifier>
    </Filter>
    <Filter Include="Source\Manager\PlayerManager">
      <UniqueIdentifier>{a4b1a340-34f7-4107-8a2f-235dcbc8861c}</UniqueIdentifier>
    </Filter>
    <Filter Include="Source\Manager\EnemyManager">
      <UniqueIdentifier>{5a615ad7-ebd0-4f2d-9fe8-2e97ee1b2b54}</UniqueIdentifier>
    </Filter>
    <Filter Include="Source\BaseChara">
      <UniqueIdentifier>{41ab9ea8-9855-4ded-a95f-55110a30e1b2}</UniqueIdentifier>
    </Filter>
    <Filter Include="Source\Scene">
      <UniqueIdentifier>{2014966c-8727-4575-91a7-c0c308c00a01}</UniqueIdentifier>
    </Filter>
    <Filter Include="Source\Scene\SceneMain">
      <UniqueIdentifier>{c63170af-b294-435a-b426-9b7f1fba7f42}</UniqueIdentifier>
    </Filter>
    <Filter Include="Source\Scene\SceneTitle">
      <UniqueIdentifier>{976507bd-3f8f-47a5-9640-b07d4e6ebbb8}</UniqueIdentifier>
    </Filter>
    <Filter Include="Source\Status">
      <UniqueIdentifier>{2f7613e1-2b5b-43e7-9d33-fa4b6aa9fc4b}</UniqueIdentifier>
    </Filter>
    <Filter Include="Shader">
      <UniqueIdentifier>{840fd280-9f4b-48d9-96f1-9bf53ec3d2c2}</UniqueIdentifier>
    </Filter>
    <Filter Include="Source\SYSTEM">
      <UniqueIdentifier>{328e3617-650c-4c9b-b829-e38566478169}</UniqueIdentifier>
    </Filter>
    <Filter Include="Source\SYSTEM\Framework">
      <UniqueIdentifier>{8315e0c5-9963-4f16-86c1-24527c70122d}</UniqueIdentifier>
    </Filter>
    <Filter Include="Source\SYSTEM\System">
      <UniqueIdentifier>{ced84632-0908-4540-971d-2443acd91156}</UniqueIdentifier>
    </Filter>
    <Filter Include="Source\SYSTEM\Scene">
      <UniqueIdentifier>{3632b4e4-aca5-4f58-8711-f15e77b476d2}</UniqueIdentifier>
    </Filter>
    <Filter Include="Source\Equipment">
      <UniqueIdentifier>{6706e893-914f-4187-95e2-1bc3874d7019}</UniqueIdentifier>
    </Filter>
    <Filter Include="Source\Equipment\BaseEquipment">
      <UniqueIdentifier>{e8078ee5-a7f9-472a-832c-6af2f6c93547}</UniqueIdentifier>
    </Filter>
    <Filter Include="Source\Camera">
      <UniqueIdentifier>{0d0ec491-63fb-4ec8-9c64-0547d8bf5968}</UniqueIdentifier>
    </Filter>
    <Filter Include="Source\Collision">
      <UniqueIdentifier>{f89565fd-48af-4324-b99a-4c157b8976c6}</UniqueIdentifier>
    </Filter>
    <Filter Include="Source\CSVReader">
      <UniqueIdentifier>{908a6e20-4f51-49c3-bde8-5d4d4890818f}</UniqueIdentifier>
    </Filter>
    <Filter Include="Source\DrawShape">
      <UniqueIdentifier>{cc7206e9-1bd8-4cb9-a667-4460b21dc2ca}</UniqueIdentifier>
    </Filter>
    <Filter Include="Source\Equipment\Equipments">
      <UniqueIdentifier>{d1662c23-24ad-44c2-ba67-b82c5cc6b867}</UniqueIdentifier>
    </Filter>
    <Filter Include="Source\GameData">
      <UniqueIdentifier>{6830b170-61e0-417f-b14d-7bb52da213cc}</UniqueIdentifier>
    </Filter>
    <Filter Include="Source\Manager\GameManager">
      <UniqueIdentifier>{ad3cfcb3-9987-4925-adec-358c9db67d44}</UniqueIdentifier>
    </Filter>
    <Filter Include="Source\GameParam">
      <UniqueIdentifier>{804d6198-a417-46a3-a7f5-86858acfbfcb}</UniqueIdentifier>
    </Filter>
    <Filter Include="Source\GlobalFunction">
      <UniqueIdentifier>{65cfac60-14a1-4ab6-b1f8-b9a0d98880b8}</UniqueIdentifier>
    </Filter>
    <Filter Include="Source\UI">
      <UniqueIdentifier>{2f0390d9-381c-4bb2-83d5-8cf2163ebf5b}</UniqueIdentifier>
    </Filter>
    <Filter Include="Source\UI\HpUI">
      <UniqueIdentifier>{a7e8abda-0862-48a6-8ce6-bae19b778292}</UniqueIdentifier>
    </Filter>
    <Filter Include="Source\UI\TimerUI">
      <UniqueIdentifier>{bb071643-a005-4037-94e3-efe88b5942c2}</UniqueIdentifier>
    </Filter>
    <Filter Include="Source\Manager\UIManager">
      <UniqueIdentifier>{0d7efa3e-ff24-480e-bc9a-345f5b5e3e64}</UniqueIdentifier>
    </Filter>
    <Filter Include="Source\Interpolation">
      <UniqueIdentifier>{39ada560-b673-4ea3-a3c8-9259b84b7dc8}</UniqueIdentifier>
    </Filter>
    <Filter Include="Source\Random">
      <UniqueIdentifier>{a50740b7-f97f-47bd-a75e-05d72d5ced1d}</UniqueIdentifier>
    </Filter>
    <Filter Include="Source\Singleton">
      <UniqueIdentifier>{1cc32681-9ec8-4d81-993f-cd50fd295176}</UniqueIdentifier>
    </Filter>
    <Filter Include="Source\SocketClient">
      <UniqueIdentifier>{f3003026-4859-40b2-893d-1f725bd28697}</UniqueIdentifier>
    </Filter>
    <Filter Include="Source\Enemy">
      <UniqueIdentifier>{271840fe-9343-42a4-85a1-eaa2cd8467a1}</UniqueIdentifier>
    </Filter>
    <Filter Include="Source\Enemy\BigEnemy">
      <UniqueIdentifier>{a8a38afe-9ac9-4daf-81bd-ad1791e4566a}</UniqueIdentifier>
    </Filter>
    <Filter Include="Source\Enemy\SmallEnemy">
      <UniqueIdentifier>{7ba92694-7e48-4b37-a7f8-8be58a288972}</UniqueIdentifier>
    </Filter>
    <Filter Include="Source\Enemy\Enemy">
      <UniqueIdentifier>{dc7d625e-a28e-4a7f-b90e-0970bec169b0}</UniqueIdentifier>
    </Filter>
    <Filter Include="Source\ShapeInfo">
      <UniqueIdentifier>{8435c910-25c3-4cc3-a3a5-99918de33daa}</UniqueIdentifier>
    </Filter>
    <Filter Include="Source\BaseChara\CharaInfo">
      <UniqueIdentifier>{9ee647b7-ea1c-4b18-a5e7-6753e9254306}</UniqueIdentifier>
    </Filter>
    <Filter Include="Source\Image">
      <UniqueIdentifier>{6e0b5205-f20d-4baf-8776-ac4d4515a565}</UniqueIdentifier>
    </Filter>
    <Filter Include="Source\UI\ExpUI">
      <UniqueIdentifier>{c1391f02-854e-4d6b-b5cd-d7906a2fdbea}</UniqueIdentifier>
    </Filter>
    <Filter Include="Source\UI\ItemUI">
      <UniqueIdentifier>{8fcc2c22-1743-4491-8c92-2ef72173033e}</UniqueIdentifier>
    </Filter>
    <Filter Include="Source\UI\MapUI">
      <UniqueIdentifier>{66913ead-712a-4386-873c-0c725950c99f}</UniqueIdentifier>
    </Filter>
    <Filter Include="Source\Manager\InputManager">
      <UniqueIdentifier>{4a6fa8c4-bd1c-48f9-91ad-a0a5c31aec6c}</UniqueIdentifier>
    </Filter>
    <Filter Include="Source\GameData\ReceiveData">
      <UniqueIdentifier>{549dc27f-5307-4072-9cf8-6fcedf651439}</UniqueIdentifier>
    </Filter>
    <Filter Include="Source\GameData\SendData">
      <UniqueIdentifier>{e73e0922-dd89-449a-b8c1-7c3a30496d94}</UniqueIdentifier>
    </Filter>
    <Filter Include="Source\GameData\GameData">
      <UniqueIdentifier>{97f29bec-23cf-4ecd-bc9b-e287d66a2d26}</UniqueIdentifier>
    </Filter>
    <Filter Include="Source\GameData\SharedData">
      <UniqueIdentifier>{67dcb19f-222d-4dc2-9814-c671b4a9b2c0}</UniqueIdentifier>
    </Filter>
    <Filter Include="Source\Scene\sceneMatching">
      <UniqueIdentifier>{19c35837-0dd3-4892-afd4-02c509a31495}</UniqueIdentifier>
    </Filter>
    <Filter Include="Source\Manager\MagicManager">
      <UniqueIdentifier>{21483965-abcd-4f22-a950-c208ae760416}</UniqueIdentifier>
    </Filter>
    <Filter Include="Source\Magic">
      <UniqueIdentifier>{c44f9b51-4493-4e6c-b494-4bf8adb41693}</UniqueIdentifier>
    </Filter>
    <Filter Include="Source\UI\EnemyHpUI">
      <UniqueIdentifier>{a3c194a7-4c70-4441-bd62-0070304a4bdc}</UniqueIdentifier>
    </Filter>
    <Filter Include="Source\Manager\LevelManager">
      <UniqueIdentifier>{b5eca729-56a8-45c8-a649-49ab67b5cbce}</UniqueIdentifier>
    </Filter>
    <Filter Include="Source\NetState">
      <UniqueIdentifier>{dab78abc-762e-475e-a7c9-cdf2e2763af1}</UniqueIdentifier>
    </Filter>
    <Filter Include="Source\Scene\sceneLoad">
      <UniqueIdentifier>{30cbf0d5-f499-439f-b127-f8b4b7c82db4}</UniqueIdentifier>
    </Filter>
    <Filter Include="Source\Scene\sceneResult">
      <UniqueIdentifier>{12049d46-c22b-4c18-9ca3-bcfdb62e3319}</UniqueIdentifier>
    </Filter>
  </ItemGroup>
  <ItemGroup>
    <None Include="DATA\Shader\2D.fx">
      <Filter>Shader</Filter>
    </None>
  </ItemGroup>
  <ItemGroup>
    <CustomBuild Include="DATA\Shader\3DEx.fx">
      <Filter>Shader</Filter>
    </CustomBuild>
  </ItemGroup>
</Project>