<?xml version="1.0" encoding="utf-8"?>
<Project ToolsVersion="4.0" xmlns="http://schemas.microsoft.com/developer/msbuild/2003">
  <ItemGroup>
    <ClCompile Include="IEX\IEX_2DObject.cpp">
      <Filter>IEX</Filter>
    </ClCompile>
    <ClCompile Include="IEX\IEX_3DObject.cpp">
      <Filter>IEX</Filter>
    </ClCompile>
    <ClCompile Include="IEX\IEX_Audio.cpp">
      <Filter>IEX</Filter>
    </ClCompile>
    <ClCompile Include="IEX\IEX_Direct3D.cpp">
      <Filter>IEX</Filter>
    </ClCompile>
    <ClCompile Include="IEX\IEX_Input.cpp">
      <Filter>IEX</Filter>
    </ClCompile>
    <ClCompile Include="IEX\IEX_Light.cpp">
      <Filter>IEX</Filter>
    </ClCompile>
    <ClCompile Include="IEX\IEX_Math.cpp">
      <Filter>IEX</Filter>
    </ClCompile>
    <ClCompile Include="IEX\IEX_Mesh.cpp">
      <Filter>IEX</Filter>
    </ClCompile>
    <ClCompile Include="IEX\IEX_Particle.cpp">
      <Filter>IEX</Filter>
    </ClCompile>
    <ClCompile Include="IEX\IEX_Polygon.cpp">
      <Filter>IEX</Filter>
    </ClCompile>
    <ClCompile Include="IEX\IEX_RenderState.cpp">
      <Filter>IEX</Filter>
    </ClCompile>
    <ClCompile Include="IEX\IEX_Shader.cpp">
      <Filter>IEX</Filter>
    </ClCompile>
    <ClCompile Include="IEX\IEX_SkinMesh.cpp">
      <Filter>IEX</Filter>
    </ClCompile>
    <ClCompile Include="IEX\IEX_System.cpp">
      <Filter>IEX</Filter>
    </ClCompile>
    <ClCompile Include="IEX\IEX_Texture.cpp">
      <Filter>IEX</Filter>
    </ClCompile>
    <ClCompile Include="IEX\IEX_View.cpp">
      <Filter>IEX</Filter>
    </ClCompile>
    <ClCompile Include="source\system\Framework.cpp">
      <Filter>Source\System\Framework</Filter>
    </ClCompile>
    <ClCompile Include="source\system\System.cpp">
      <Filter>Source\System\System</Filter>
    </ClCompile>
    <ClCompile Include="source\BaseChara.cpp">
      <Filter>Source\BaseChara</Filter>
    </ClCompile>
    <ClCompile Include="source\BaseEquipment.cpp">
      <Filter>Source\Equipment\BaseEquipment</Filter>
    </ClCompile>
    <ClCompile Include="source\Enemy.cpp">
      <Filter>Source\Enemy\BaseEnemy</Filter>
    </ClCompile>
    <ClCompile Include="source\BigEnemy.cpp">
      <Filter>Source\Enemy\BigEnemy</Filter>
    </ClCompile>
    <ClCompile Include="source\SmallEnemy.cpp">
      <Filter>Source\Enemy\SmallEnemy</Filter>
    </ClCompile>
    <ClCompile Include="source\Camera.cpp">
      <Filter>Source\Camera</Filter>
    </ClCompile>
    <ClCompile Include="source\Collision.cpp">
      <Filter>Source\Collision</Filter>
    </ClCompile>
    <ClCompile Include="source\CSVReader.cpp">
      <Filter>Source\CSVReader</Filter>
    </ClCompile>
    <ClCompile Include="source\DrawShape.cpp">
      <Filter>Source\DrawShape</Filter>
    </ClCompile>
    <ClCompile Include="source\EnemyManager.cpp">
      <Filter>Source\Manager\EnemyManager</Filter>
    </ClCompile>
    <ClCompile Include="source\Equipments.cpp">
      <Filter>Source\Equipment\Equipments</Filter>
    </ClCompile>
    <ClCompile Include="source\GameData.cpp">
      <Filter>Source\GameData</Filter>
    </ClCompile>
    <ClCompile Include="source\GameManager.cpp">
      <Filter>Source\Manager\GameManager</Filter>
    </ClCompile>
    <ClCompile Include="source\GameParam.cpp">
      <Filter>Source\GameParam</Filter>
    </ClCompile>
    <ClCompile Include="source\GlobalFunction.cpp">
      <Filter>Source\GlobalFunction</Filter>
    </ClCompile>
    <ClCompile Include="source\HpUI.cpp">
      <Filter>Source\UI\HpUI</Filter>
    </ClCompile>
    <ClCompile Include="source\Player.cpp">
      <Filter>Source\Player</Filter>
    </ClCompile>
    <ClCompile Include="source\PlayerManager.cpp">
      <Filter>Source\Manager\PlayerManager</Filter>
    </ClCompile>
    <ClCompile Include="source\sceneMain.cpp">
      <Filter>Source\Scene\sceneMain</Filter>
    </ClCompile>
    <ClCompile Include="source\sceneTitle.cpp">
      <Filter>Source\Scene\sceneTitle</Filter>
    </ClCompile>
    <ClCompile Include="source\Singleton.cpp">
      <Filter>Source\Singleton</Filter>
    </ClCompile>
    <ClCompile Include="source\SocketClient.cpp">
      <Filter>Source\SocketClient</Filter>
    </ClCompile>
    <ClCompile Include="source\TImerUI.cpp">
      <Filter>Source\UI\TimerUI</Filter>
    </ClCompile>
    <ClCompile Include="source\system\WinMain.cpp">
      <Filter>Source\System</Filter>
    </ClCompile>
    <ClCompile Include="source\UIManager.cpp">
      <Filter>Source\Manager\UIManager</Filter>
    </ClCompile>
  </ItemGroup>
  <ItemGroup>
    <ClInclude Include="IEX\iextreme.h">
      <Filter>IEX</Filter>
    </ClInclude>
    <ClInclude Include="source\system\Framework.h">
      <Filter>Source\System\Framework</Filter>
    </ClInclude>
    <ClInclude Include="source\system\Scene.h">
      <Filter>Source\System\Scene</Filter>
    </ClInclude>
    <ClInclude Include="source\system\System.h">
      <Filter>Source\System\System</Filter>
    </ClInclude>
    <ClInclude Include="source\BaseChara.h">
      <Filter>Source\BaseChara</Filter>
    </ClInclude>
    <ClInclude Include="source\BaseEquipment.h">
      <Filter>Source\Equipment\BaseEquipment</Filter>
    </ClInclude>
    <ClInclude Include="source\Enemy.h">
      <Filter>Source\Enemy\BaseEnemy</Filter>
    </ClInclude>
    <ClInclude Include="source\BigEnemy.h">
      <Filter>Source\Enemy\BigEnemy</Filter>
    </ClInclude>
    <ClInclude Include="source\SmallEnemy.h">
      <Filter>Source\Enemy\SmallEnemy</Filter>
    </ClInclude>
    <ClInclude Include="source\Camera.h">
      <Filter>Source\Camera</Filter>
    </ClInclude>
    <ClInclude Include="source\Collision.h">
      <Filter>Source\Collision</Filter>
    </ClInclude>
    <ClInclude Include="source\CSVReader.h">
      <Filter>Source\CSVReader</Filter>
    </ClInclude>
    <ClInclude Include="source\DrawShape.h">
      <Filter>Source\DrawShape</Filter>
    </ClInclude>
    <ClInclude Include="source\EnemyManager.h">
      <Filter>Source\Manager\EnemyManager</Filter>
    </ClInclude>
    <ClInclude Include="source\Equipments.h">
      <Filter>Source\Equipment\Equipments</Filter>
    </ClInclude>
    <ClInclude Include="source\GameData.h">
      <Filter>Source\GameData</Filter>
    </ClInclude>
    <ClInclude Include="source\GameManager.h">
      <Filter>Source\Manager\GameManager</Filter>
    </ClInclude>
    <ClInclude Include="source\GameParam.h">
      <Filter>Source\GameParam</Filter>
    </ClInclude>
    <ClInclude Include="source\GlobalFunction.h">
      <Filter>Source\GlobalFunction</Filter>
    </ClInclude>
    <ClInclude Include="source\HpUI.h">
      <Filter>Source\UI\HpUI</Filter>
    </ClInclude>
    <ClInclude Include="source\Interpolation.h">
      <Filter>Source\Interpolation</Filter>
    </ClInclude>
    <ClInclude Include="source\Player.h">
      <Filter>Source\Player</Filter>
    </ClInclude>
    <ClInclude Include="source\PlayerManager.h">
      <Filter>Source\Manager\PlayerManager</Filter>
    </ClInclude>
    <ClInclude Include="source\sceneMain.h">
      <Filter>Source\Scene\sceneMain</Filter>
    </ClInclude>
    <ClInclude Include="source\sceneTitle.h">
      <Filter>Source\Scene\sceneTitle</Filter>
    </ClInclude>
    <ClInclude Include="source\Singleton.h">
      <Filter>Source\Singleton</Filter>
    </ClInclude>
    <ClInclude Include="source\SocketClient.h">
      <Filter>Source\SocketClient</Filter>
    </ClInclude>
    <ClInclude Include="source\TimerUI.h">
      <Filter>Source\UI\TimerUI</Filter>
    </ClInclude>
    <ClInclude Include="source\UIManager.h">
      <Filter>Source\Manager\UIManager</Filter>
    </ClInclude>
  </ItemGroup>
  <ItemGroup>
    <Filter Include="IEX">
      <UniqueIdentifier>{7b0e3701-1750-4412-b85c-b6ceffc89a29}</UniqueIdentifier>
    </Filter>
    <Filter Include="Shader">
      <UniqueIdentifier>{83c28a58-7ac4-4ef9-8cc5-8e3e6a3dae9e}</UniqueIdentifier>
    </Filter>
    <Filter Include="Source">
      <UniqueIdentifier>{a4f5b7ab-e9f1-4941-b111-6dc51bf8984e}</UniqueIdentifier>
    </Filter>
    <Filter Include="Source\System">
      <UniqueIdentifier>{11ed1d2f-cb3b-4098-b792-6a3f0ab4ac4e}</UniqueIdentifier>
    </Filter>
    <Filter Include="Source\System\Framework">
      <UniqueIdentifier>{679b604c-178c-4b1c-a63d-36a6bac6395f}</UniqueIdentifier>
    </Filter>
    <Filter Include="Source\System\Scene">
      <UniqueIdentifier>{4cd97711-2bc4-4551-8ece-5f86f3bf30e7}</UniqueIdentifier>
    </Filter>
    <Filter Include="Source\System\System">
      <UniqueIdentifier>{915ff809-68d4-4402-b0ca-a717502f67f9}</UniqueIdentifier>
    </Filter>
    <Filter Include="Source\BaseChara">
      <UniqueIdentifier>{2a50ebe2-24d2-41de-8a2d-6419738e1f34}</UniqueIdentifier>
    </Filter>
    <Filter Include="Source\Enemy">
      <UniqueIdentifier>{cc257d7b-1190-466e-8460-223104803c77}</UniqueIdentifier>
    </Filter>
    <Filter Include="Source\Enemy\BaseEnemy">
      <UniqueIdentifier>{15cb8491-cefc-4929-a012-c5525f5e9a35}</UniqueIdentifier>
    </Filter>
    <Filter Include="Source\Enemy\BigEnemy">
      <UniqueIdentifier>{2e203269-7950-4c6a-ae96-a7027168c863}</UniqueIdentifier>
    </Filter>
    <Filter Include="Source\Enemy\SmallEnemy">
      <UniqueIdentifier>{53e6270c-a64d-467e-bfe2-67da04dd4473}</UniqueIdentifier>
    </Filter>
    <Filter Include="Source\Camera">
      <UniqueIdentifier>{e7ee3bc8-34ae-4f74-87bd-8ff4fe739e14}</UniqueIdentifier>
    </Filter>
    <Filter Include="Source\Collision">
      <UniqueIdentifier>{d8374ce8-2c5c-42fa-969e-d3e4d4c2fe38}</UniqueIdentifier>
    </Filter>
    <Filter Include="Source\CSVReader">
      <UniqueIdentifier>{d9afba9a-2758-471b-a9ac-4300bae5afbe}</UniqueIdentifier>
    </Filter>
    <Filter Include="Source\DrawShape">
      <UniqueIdentifier>{819bb5a6-9638-4a9a-96fd-e08de0b88303}</UniqueIdentifier>
    </Filter>
    <Filter Include="Source\Manager">
      <UniqueIdentifier>{1a9546e6-5ce9-414b-a01e-b9ebdcc01a0a}</UniqueIdentifier>
    </Filter>
    <Filter Include="Source\Manager\EnemyManager">
      <UniqueIdentifier>{fedbd5ec-61cd-4c51-bf2d-55653d83466f}</UniqueIdentifier>
    </Filter>
    <Filter Include="Source\Manager\PlayerManager">
      <UniqueIdentifier>{931dd68e-a1b9-4011-a99b-ce5e0d316540}</UniqueIdentifier>
    </Filter>
    <Filter Include="Source\Equipment">
      <UniqueIdentifier>{be87813e-441f-476a-8419-7f3af1175759}</UniqueIdentifier>
    </Filter>
    <Filter Include="Source\Equipment\Equipments">
      <UniqueIdentifier>{2a68bf17-05e0-414d-a79b-e5a85a40827b}</UniqueIdentifier>
    </Filter>
    <Filter Include="Source\Equipment\BaseEquipment">
      <UniqueIdentifier>{6a99f358-2c45-42ab-86f2-597efabe1a7c}</UniqueIdentifier>
    </Filter>
    <Filter Include="Source\GameData">
      <UniqueIdentifier>{2dd79d87-def4-427a-8807-3659be1a6c0b}</UniqueIdentifier>
    </Filter>
    <Filter Include="Source\Manager\GameManager">
      <UniqueIdentifier>{36127ac1-cbe0-4200-91ed-ad7c5dab78d0}</UniqueIdentifier>
    </Filter>
    <Filter Include="Source\GameParam">
      <UniqueIdentifier>{bb289aff-96f2-4575-89f2-6e23d2df3fcf}</UniqueIdentifier>
    </Filter>
    <Filter Include="Source\GlobalFunction">
      <UniqueIdentifier>{a5a84b77-e367-466d-ad6f-a476c01a62f6}</UniqueIdentifier>
    </Filter>
    <Filter Include="Source\UI">
      <UniqueIdentifier>{9f24c178-95bb-4737-991b-0f70ffdc7871}</UniqueIdentifier>
    </Filter>
    <Filter Include="Source\UI\HpUI">
      <UniqueIdentifier>{1c462cfd-48f4-4148-906e-2eba03e4c304}</UniqueIdentifier>
    </Filter>
    <Filter Include="Source\Interpolation">
      <UniqueIdentifier>{f92d302b-3851-40d1-9e7a-b838fea1dbc9}</UniqueIdentifier>
    </Filter>
    <Filter Include="Source\Player">
      <UniqueIdentifier>{b952da44-6619-4b97-b090-b2b0b7b82613}</UniqueIdentifier>
    </Filter>
    <Filter Include="Source\Scene">
      <UniqueIdentifier>{6f62bcb2-157a-4c2d-9b45-eef0b1a3bbf9}</UniqueIdentifier>
    </Filter>
    <Filter Include="Source\Scene\sceneMain">
      <UniqueIdentifier>{d650d7d7-0d90-4624-a6b4-d6b186961e4d}</UniqueIdentifier>
    </Filter>
    <Filter Include="Source\Scene\sceneTitle">
      <UniqueIdentifier>{70634862-f892-4443-9a46-85c78973184a}</UniqueIdentifier>
    </Filter>
    <Filter Include="Source\Singleton">
      <UniqueIdentifier>{b7a77cd5-3a58-494b-9f62-51facde80433}</UniqueIdentifier>
    </Filter>
    <Filter Include="Source\SocketClient">
      <UniqueIdentifier>{66c47269-3dac-474f-a339-68f46de656cf}</UniqueIdentifier>
    </Filter>
    <Filter Include="Source\UI\TimerUI">
      <UniqueIdentifier>{6d5003f6-2c88-443a-b322-531e79b056cc}</UniqueIdentifier>
    </Filter>
    <Filter Include="Source\UI\NewFilter1">
      <UniqueIdentifier>{ff3b0d63-a5a3-4013-8f11-5fe90db606b0}</UniqueIdentifier>
    </Filter>
    <Filter Include="Source\Manager\UIManager">
      <UniqueIdentifier>{834e9202-78c2-4f1e-8f7d-1abc32afc6dd}</UniqueIdentifier>
    </Filter>
  </ItemGroup>
  <ItemGroup>
    <CustomBuild Include="DATA\Shader\3DEx.fx">
      <Filter>Shader</Filter>
    </CustomBuild>
  </ItemGroup>
  <ItemGroup>
    <None Include="DATA\Shader\2D.fx">
      <Filter>Shader</Filter>
    </None>
  </ItemGroup>
</Project>