<?xml version="1.0" encoding="utf-8"?>
<Project ToolsVersion="4.0" xmlns="http://schemas.microsoft.com/developer/msbuild/2003">
  <ItemGroup>
    <ClCompile Include="source\Collision.cpp" />
    <ClCompile Include="source\CSVReader.cpp" />
    <ClCompile Include="source\BaseEquipment.cpp" />
    <ClCompile Include="source\Equipments.cpp" />
    <ClCompile Include="source\GameData.cpp" />
    <ClCompile Include="source\GameParam.cpp" />
    <ClCompile Include="source\HpUI.cpp" />
    <ClCompile Include="source\Singleton.cpp" />
    <ClCompile Include="source\Camera.cpp" />
    <ClCompile Include="source\DrawShape.cpp" />
    <ClCompile Include="source\GameManager.cpp" />
    <ClCompile Include="source\GlobalFunction.cpp" />
    <ClCompile Include="source\SocketClient.cpp" />
    <ClCompile Include="source\TImerUI.cpp" />
    <ClCompile Include="source\UIManager.cpp" />
    <ClCompile Include="IEX\IEX_2DObject.cpp">
      <Filter>IEX</Filter>
    </ClCompile>
    <ClCompile Include="IEX\IEX_3DObject.cpp">
      <Filter>IEX</Filter>
    </ClCompile>
    <ClCompile Include="IEX\IEX_Audio.cpp">
      <Filter>IEX</Filter>
    </ClCompile>
    <ClCompile Include="IEX\IEX_Direct3D.cpp">
      <Filter>IEX</Filter>
    </ClCompile>
    <ClCompile Include="IEX\IEX_Input.cpp">
      <Filter>IEX</Filter>
    </ClCompile>
    <ClCompile Include="IEX\IEX_Light.cpp">
      <Filter>IEX</Filter>
    </ClCompile>
    <ClCompile Include="IEX\IEX_Math.cpp">
      <Filter>IEX</Filter>
    </ClCompile>
    <ClCompile Include="IEX\IEX_Mesh.cpp">
      <Filter>IEX</Filter>
    </ClCompile>
    <ClCompile Include="IEX\IEX_Particle.cpp">
      <Filter>IEX</Filter>
    </ClCompile>
    <ClCompile Include="IEX\IEX_Polygon.cpp">
      <Filter>IEX</Filter>
    </ClCompile>
    <ClCompile Include="IEX\IEX_RenderState.cpp">
      <Filter>IEX</Filter>
    </ClCompile>
    <ClCompile Include="IEX\IEX_Shader.cpp">
      <Filter>IEX</Filter>
    </ClCompile>
    <ClCompile Include="IEX\IEX_SkinMesh.cpp">
      <Filter>IEX</Filter>
    </ClCompile>
    <ClCompile Include="IEX\IEX_System.cpp">
      <Filter>IEX</Filter>
    </ClCompile>
    <ClCompile Include="IEX\IEX_Texture.cpp">
      <Filter>IEX</Filter>
    </ClCompile>
    <ClCompile Include="IEX\IEX_View.cpp">
      <Filter>IEX</Filter>
    </ClCompile>
    <ClCompile Include="source\system\Framework.cpp">
      <Filter>ソースファイル\SYSTEM</Filter>
    </ClCompile>
    <ClCompile Include="source\system\System.cpp">
      <Filter>ソースファイル\SYSTEM</Filter>
    </ClCompile>
    <ClCompile Include="source\system\WinMain.cpp">
      <Filter>ソースファイル\SYSTEM</Filter>
    </ClCompile>
    <ClCompile Include="source\BaseChara.cpp">
      <Filter>BaseChara</Filter>
    </ClCompile>
    <ClCompile Include="source\Enemy.cpp">
      <Filter>ENEMY</Filter>
    </ClCompile>
    <ClCompile Include="source\BigEnemy.cpp">
      <Filter>ENEMY\BigEnemy</Filter>
    </ClCompile>
    <ClCompile Include="source\SmallEnemy.cpp">
      <Filter>ENEMY\SmallEnemy</Filter>
    </ClCompile>
    <ClCompile Include="source\sceneTitle.cpp">
      <Filter>Scene\SceneTitle</Filter>
    </ClCompile>
    <ClCompile Include="source\sceneMain.cpp">
      <Filter>Scene\SceneMain</Filter>
    </ClCompile>
    <ClCompile Include="source\PlayerManager.cpp">
      <Filter>Manager\PlayerManager</Filter>
    </ClCompile>
    <ClCompile Include="source\EnemyManager.cpp">
      <Filter>Manager\EnemyManager</Filter>
    </ClCompile>
    <ClCompile Include="source\Player.cpp">
      <Filter>Player</Filter>
    </ClCompile>
    <ClCompile Include="source\Status.cpp">
      <Filter>Status</Filter>
    </ClCompile>
  </ItemGroup>
  <ItemGroup>
    <ClInclude Include="source\Collision.h" />
    <ClInclude Include="source\CSVReader.h" />
    <ClInclude Include="source\BaseEquipment.h" />
    <ClInclude Include="source\Equipments.h" />
    <ClInclude Include="source\GameData.h" />
    <ClInclude Include="source\GameParam.h" />
    <ClInclude Include="source\HpUI.h" />
    <ClInclude Include="source\Singleton.h" />
    <ClInclude Include="source\Camera.h" />
    <ClInclude Include="source\DrawShape.h" />
    <ClInclude Include="source\GameManager.h" />
    <ClInclude Include="source\GlobalFunction.h" />
    <ClInclude Include="source\Interpolation.h" />
    <ClInclude Include="source\SocketClient.h" />
    <ClInclude Include="source\TimerUI.h" />
    <ClInclude Include="source\UIManager.h" />
    <ClInclude Include="IEX\iextreme.h">
      <Filter>IEX</Filter>
    </ClInclude>
    <ClInclude Include="source\system\Framework.h">
      <Filter>ヘッダーファイル</Filter>
    </ClInclude>
    <ClInclude Include="source\sceneMain.h">
      <Filter>ヘッダーファイル</Filter>
    </ClInclude>
    <ClInclude Include="source\system\System.h">
      <Filter>ヘッダーファイル</Filter>
    </ClInclude>
    <ClInclude Include="source\BaseChara.h">
      <Filter>BaseChara</Filter>
    </ClInclude>
    <ClInclude Include="source\Enemy.h">
      <Filter>ENEMY</Filter>
    </ClInclude>
    <ClInclude Include="source\BigEnemy.h">
      <Filter>ENEMY\BigEnemy</Filter>
    </ClInclude>
    <ClInclude Include="source\SmallEnemy.h">
      <Filter>ENEMY\SmallEnemy</Filter>
    </ClInclude>
    <ClInclude Include="source\system\Scene.h">
      <Filter>ヘッダーファイル</Filter>
    </ClInclude>
    <ClInclude Include="source\sceneTitle.h">
      <Filter>Scene\SceneTitle</Filter>
    </ClInclude>
    <ClInclude Include="source\PlayerManager.h">
      <Filter>Manager\PlayerManager</Filter>
    </ClInclude>
    <ClInclude Include="source\EnemyManager.h">
      <Filter>Manager\EnemyManager</Filter>
    </ClInclude>
    <ClInclude Include="source\Player.h">
      <Filter>Player</Filter>
    </ClInclude>
    <ClInclude Include="source\Status.h">
      <Filter>Status</Filter>
    </ClInclude>
  </ItemGroup>
  <ItemGroup>
    <Filter Include="シェーダー">
      <UniqueIdentifier>{840fd280-9f4b-48d9-96f1-9bf53ec3d2c2}</UniqueIdentifier>
    </Filter>
    <Filter Include="IEX">
      <UniqueIdentifier>{9579baa5-a993-44e4-856c-5eb63d3fa398}</UniqueIdentifier>
    </Filter>
    <Filter Include="ソースファイル">
      <UniqueIdentifier>{fd957f54-2898-4f92-a9bc-1a4b401f43d9}</UniqueIdentifier>
    </Filter>
    <Filter Include="ソースファイル\SYSTEM">
      <UniqueIdentifier>{328e3617-650c-4c9b-b829-e38566478169}</UniqueIdentifier>
    </Filter>
    <Filter Include="ヘッダーファイル">
      <UniqueIdentifier>{cf0aa818-7a70-4527-ab13-8dcdb4cb8fbd}</UniqueIdentifier>
    </Filter>
    <Filter Include="BaseChara">
      <UniqueIdentifier>{41ab9ea8-9855-4ded-a95f-55110a30e1b2}</UniqueIdentifier>
    </Filter>
    <Filter Include="ENEMY">
      <UniqueIdentifier>{271840fe-9343-42a4-85a1-eaa2cd8467a1}</UniqueIdentifier>
    </Filter>
    <Filter Include="ENEMY\BigEnemy">
      <UniqueIdentifier>{a8a38afe-9ac9-4daf-81bd-ad1791e4566a}</UniqueIdentifier>
    </Filter>
    <Filter Include="ENEMY\SmallEnemy">
      <UniqueIdentifier>{7ba92694-7e48-4b37-a7f8-8be58a288972}</UniqueIdentifier>
    </Filter>
    <Filter Include="Scene">
      <UniqueIdentifier>{2014966c-8727-4575-91a7-c0c308c00a01}</UniqueIdentifier>
    </Filter>
    <Filter Include="Scene\SceneMain">
      <UniqueIdentifier>{c63170af-b294-435a-b426-9b7f1fba7f42}</UniqueIdentifier>
    </Filter>
    <Filter Include="Scene\SceneTitle">
      <UniqueIdentifier>{976507bd-3f8f-47a5-9640-b07d4e6ebbb8}</UniqueIdentifier>
    </Filter>
    <Filter Include="Manager">
      <UniqueIdentifier>{eea7aadd-3b94-4b04-8dd3-7b2f4e147908}</UniqueIdentifier>
    </Filter>
    <Filter Include="Manager\PlayerManager">
      <UniqueIdentifier>{a4b1a340-34f7-4107-8a2f-235dcbc8861c}</UniqueIdentifier>
    </Filter>
    <Filter Include="Manager\EnemyManager">
      <UniqueIdentifier>{5a615ad7-ebd0-4f2d-9fe8-2e97ee1b2b54}</UniqueIdentifier>
    </Filter>
    <Filter Include="Player">
      <UniqueIdentifier>{c30ec995-bb6c-47f8-8758-b7160024baf8}</UniqueIdentifier>
    </Filter>
    <Filter Include="Status">
      <UniqueIdentifier>{2f7613e1-2b5b-43e7-9d33-fa4b6aa9fc4b}</UniqueIdentifier>
    </Filter>
  </ItemGroup>
  <ItemGroup>
    <None Include="DATA\Shader\2D.fx">
      <Filter>シェーダー</Filter>
    </None>
  </ItemGroup>
  <ItemGroup>
    <CustomBuild Include="DATA\Shader\3DEx.fx">
      <Filter>シェーダー</Filter>
    </CustomBuild>
  </ItemGroup>
</Project>