<?xml version="1.0" encoding="utf-8"?>
<Project ToolsVersion="4.0" xmlns="http://schemas.microsoft.com/developer/msbuild/2003">
  <ItemGroup>
    <Filter Include="ソース ファイル">
      <UniqueIdentifier>{4FC737F1-C7A5-4376-A066-2A32D752A2FF}</UniqueIdentifier>
      <Extensions>cpp;c;cc;cxx;def;odl;idl;hpj;bat;asm;asmx</Extensions>
    </Filter>
    <Filter Include="ヘッダー ファイル">
      <UniqueIdentifier>{93995380-89BD-4b04-88EB-625FBE52EBFB}</UniqueIdentifier>
      <Extensions>h;hpp;hxx;hm;inl;inc;xsd</Extensions>
    </Filter>
    <Filter Include="リソース ファイル">
      <UniqueIdentifier>{67DA6AB6-F800-4c08-8B7A-83BB121AAD01}</UniqueIdentifier>
      <Extensions>rc;ico;cur;bmp;dlg;rc2;rct;bin;rgs;gif;jpg;jpeg;jpe;resx;tiff;tif;png;wav</Extensions>
    </Filter>
    <Filter Include="シェーダー">
      <UniqueIdentifier>{5fc7559b-c141-4ecd-b664-927ab910afda}</UniqueIdentifier>
    </Filter>
    <Filter Include="IEX">
      <UniqueIdentifier>{38fbec0a-1dc8-4967-afe0-3a6584026b2f}</UniqueIdentifier>
    </Filter>
    <Filter Include="ソース ファイル\Scene">
      <UniqueIdentifier>{affd7e51-185a-48c9-8b84-2f2227abad06}</UniqueIdentifier>
    </Filter>
    <Filter Include="ソース ファイル\Scene\sceneMain">
      <UniqueIdentifier>{a6a15a66-b0c6-467f-9e78-3cfc4b91b5a3}</UniqueIdentifier>
    </Filter>
    <Filter Include="ソース ファイル\SYSTEM">
      <UniqueIdentifier>{188586ad-3818-4e68-816a-e6427b522bc6}</UniqueIdentifier>
    </Filter>
    <Filter Include="ソース ファイル\UDPServer">
      <UniqueIdentifier>{b75ca8d5-ecc4-4a2e-a63d-00ec06d05155}</UniqueIdentifier>
    </Filter>
    <Filter Include="ソース ファイル\Manager">
      <UniqueIdentifier>{1424fda5-a8a4-4996-a6bd-d684891f0a76}</UniqueIdentifier>
    </Filter>
    <Filter Include="ソース ファイル\Manager\PlayerManager">
      <UniqueIdentifier>{e2b93c4d-4b9d-43e0-808b-ba463c991ed2}</UniqueIdentifier>
    </Filter>
    <Filter Include="ソース ファイル\Player">
      <UniqueIdentifier>{419266e5-52c4-4507-9af3-77691f088402}</UniqueIdentifier>
    </Filter>
    <Filter Include="ソース ファイル\Singleton">
      <UniqueIdentifier>{d16ba9a8-8977-43e2-8d73-8f26fe429254}</UniqueIdentifier>
    </Filter>
    <Filter Include="ソース ファイル\GameData">
      <UniqueIdentifier>{27ab2221-4938-46f3-a7d5-8ceab547f42f}</UniqueIdentifier>
    </Filter>
    <Filter Include="ソース ファイル\GameParam">
      <UniqueIdentifier>{fe2d756e-5490-4c03-8cd9-d057a4d94df5}</UniqueIdentifier>
    </Filter>
    <Filter Include="ソース ファイル\Manager\GameManager">
      <UniqueIdentifier>{63a8984e-5daf-4427-9fb0-ab5e1bc3cffc}</UniqueIdentifier>
    </Filter>
    <Filter Include="Server">
      <UniqueIdentifier>{6ba5386a-9c7f-4d5f-90d9-0e4200318560}</UniqueIdentifier>
    </Filter>
  </ItemGroup>
  <ItemGroup>
    <ClCompile Include="source\system\Framework.cpp">
      <Filter>ソース ファイル\SYSTEM</Filter>
    </ClCompile>
    <ClCompile Include="source\system\System.cpp">
      <Filter>ソース ファイル\SYSTEM</Filter>
    </ClCompile>
    <ClCompile Include="source\system\WinMain.cpp">
      <Filter>ソース ファイル\SYSTEM</Filter>
    </ClCompile>
    <ClCompile Include="IEX\IEX_2DObject.cpp">
      <Filter>IEX</Filter>
    </ClCompile>
    <ClCompile Include="IEX\IEX_3DObject.cpp">
      <Filter>IEX</Filter>
    </ClCompile>
    <ClCompile Include="IEX\IEX_Audio.cpp">
      <Filter>IEX</Filter>
    </ClCompile>
    <ClCompile Include="IEX\IEX_Direct3D.cpp">
      <Filter>IEX</Filter>
    </ClCompile>
    <ClCompile Include="IEX\IEX_Input.cpp">
      <Filter>IEX</Filter>
    </ClCompile>
    <ClCompile Include="IEX\IEX_Light.cpp">
      <Filter>IEX</Filter>
    </ClCompile>
    <ClCompile Include="IEX\IEX_Math.cpp">
      <Filter>IEX</Filter>
    </ClCompile>
    <ClCompile Include="IEX\IEX_Mesh.cpp">
      <Filter>IEX</Filter>
    </ClCompile>
    <ClCompile Include="IEX\IEX_Particle.cpp">
      <Filter>IEX</Filter>
    </ClCompile>
    <ClCompile Include="IEX\IEX_Polygon.cpp">
      <Filter>IEX</Filter>
    </ClCompile>
    <ClCompile Include="IEX\IEX_RenderState.cpp">
      <Filter>IEX</Filter>
    </ClCompile>
    <ClCompile Include="IEX\IEX_Shader.cpp">
      <Filter>IEX</Filter>
    </ClCompile>
    <ClCompile Include="IEX\IEX_SkinMesh.cpp">
      <Filter>IEX</Filter>
    </ClCompile>
    <ClCompile Include="IEX\IEX_System.cpp">
      <Filter>IEX</Filter>
    </ClCompile>
    <ClCompile Include="IEX\IEX_Texture.cpp">
      <Filter>IEX</Filter>
    </ClCompile>
    <ClCompile Include="IEX\IEX_View.cpp">
      <Filter>IEX</Filter>
    </ClCompile>
    <ClCompile Include="source\sceneMain.cpp">
      <Filter>ソース ファイル\Scene\sceneMain</Filter>
    </ClCompile>
    <ClCompile Include="source\UDPServer.cpp">
      <Filter>ソース ファイル\UDPServer</Filter>
    </ClCompile>
    <ClCompile Include="source\PlayerManager.cpp">
      <Filter>ソース ファイル\Manager\PlayerManager</Filter>
    </ClCompile>
    <ClCompile Include="source\Player.cpp">
      <Filter>ソース ファイル\Player</Filter>
    </ClCompile>
    <ClCompile Include="source\Singleton.cpp">
      <Filter>ソース ファイル\Singleton</Filter>
    </ClCompile>
    <ClCompile Include="source\GameParam.cpp">
      <Filter>ソース ファイル\GameParam</Filter>
    </ClCompile>
    <ClCompile Include="source\GameManager.cpp">
      <Filter>ソース ファイル\Manager\GameManager</Filter>
    </ClCompile>
  </ItemGroup>
  <ItemGroup>
    <ClInclude Include="source\system\Framework.h">
      <Filter>ヘッダー ファイル</Filter>
    </ClInclude>
    <ClInclude Include="source\system\Scene.h">
      <Filter>ヘッダー ファイル</Filter>
    </ClInclude>
    <ClInclude Include="source\system\System.h">
      <Filter>ヘッダー ファイル</Filter>
    </ClInclude>
    <ClInclude Include="IEX\iextreme.h">
      <Filter>IEX</Filter>
    </ClInclude>
    <ClInclude Include="source\sceneMain.h">
      <Filter>ソース ファイル\Scene\sceneMain</Filter>
    </ClInclude>
    <ClInclude Include="source\UDPServer.h">
      <Filter>ソース ファイル\UDPServer</Filter>
    </ClInclude>
    <ClInclude Include="source\PlayerManager.h">
      <Filter>ソース ファイル\Manager\PlayerManager</Filter>
    </ClInclude>
    <ClInclude Include="source\Player.h">
      <Filter>ソース ファイル\Player</Filter>
    </ClInclude>
    <ClInclude Include="source\Singleton.h">
      <Filter>ソース ファイル\Singleton</Filter>
    </ClInclude>
    <ClInclude Include="source\GameData.h">
      <Filter>ソース ファイル\GameData</Filter>
    </ClInclude>
    <ClInclude Include="source\GameParam.h">
      <Filter>ソース ファイル\GameParam</Filter>
    </ClInclude>
    <ClInclude Include="source\GameManager.h">
      <Filter>ソース ファイル\Manager\GameManager</Filter>
    </ClInclude>
  </ItemGroup>
  <ItemGroup>
    <None Include="DATA\Shader\2D.fx">
      <Filter>シェーダー</Filter>
    </None>
  </ItemGroup>
  <ItemGroup>
    <CustomBuild Include="DATA\Shader\3DEx.fx">
      <Filter>シェーダー</Filter>
    </CustomBuild>
  </ItemGroup>
</Project>